
Microsoft Visual Studio Solution File, Format Version 12.00
# Visual Studio Version 17
VisualStudioVersion = 17.7.34031.279
MinimumVisualStudioVersion = 10.0.40219.1
Project("{FAE04EC0-301F-11D3-BF4B-00C04F79EFBC}") = "TugasClassTaxi", "TugasClassTaxi\TugasClassTaxi.csproj", "{1FA9F3BE-26AA-42FB-A837-618B7E9AA037}"
EndProject
Global
	GlobalSection(SolutionConfigurationPlatforms) = preSolution
		Debug|Any CPU = Debug|Any CPU
		Release|Any CPU = Release|Any CPU
	EndGlobalSection
	GlobalSection(ProjectConfigurationPlatforms) = postSolution
		{1FA9F3BE-26AA-42FB-A837-618B7E9AA037}.Debug|Any CPU.ActiveCfg = Debug|Any CPU
		{1FA9F3BE-26AA-42FB-A837-618B7E9AA037}.Debug|Any CPU.Build.0 = Debug|Any CPU
		{1FA9F3BE-26AA-42FB-A837-618B7E9AA037}.Release|Any CPU.ActiveCfg = Release|Any CPU
		{1FA9F3BE-26AA-42FB-A837-618B7E9AA037}.Release|Any CPU.Build.0 = Release|Any CPU
	EndGlobalSection
	GlobalSection(SolutionProperties) = preSolution
		HideSolutionNode = FALSE
	EndGlobalSection
	GlobalSection(ExtensibilityGlobals) = postSolution
		SolutionGuid = {418BE474-B0B0-41D2-8FC0-33B225E6F1F2}
	EndGlobalSection
EndGlobal
